
Microsoft Visual Studio Solution File, Format Version 12.00
# Visual Studio 15
Project("{FAE04EC0-301F-11D3-BF4B-00C04F79EFBC}") = "RBVI Vive", "Assembly-CSharp.csproj", "{20C57926-2B24-CD4D-D399-F93077970A43}"
EndProject
Project("{FAE04EC0-301F-11D3-BF4B-00C04F79EFBC}") = "RBVI Vive", "Assembly-CSharp-Editor.csproj", "{D149ABA9-08F1-2CAC-7B56-E972EE9BA815}"
EndProject
Global
	GlobalSection(SolutionConfigurationPlatforms) = preSolution
		Debug|Any CPU = Debug|Any CPU
		Release|Any CPU = Release|Any CPU
	EndGlobalSection
	GlobalSection(ProjectConfigurationPlatforms) = postSolution
		{20C57926-2B24-CD4D-D399-F93077970A43}.Debug|Any CPU.ActiveCfg = Debug|Any CPU
		{20C57926-2B24-CD4D-D399-F93077970A43}.Debug|Any CPU.Build.0 = Debug|Any CPU
		{20C57926-2B24-CD4D-D399-F93077970A43}.Release|Any CPU.ActiveCfg = Release|Any CPU
		{20C57926-2B24-CD4D-D399-F93077970A43}.Release|Any CPU.Build.0 = Release|Any CPU
		{D149ABA9-08F1-2CAC-7B56-E972EE9BA815}.Debug|Any CPU.ActiveCfg = Debug|Any CPU
		{D149ABA9-08F1-2CAC-7B56-E972EE9BA815}.Debug|Any CPU.Build.0 = Debug|Any CPU
		{D149ABA9-08F1-2CAC-7B56-E972EE9BA815}.Release|Any CPU.ActiveCfg = Release|Any CPU
		{D149ABA9-08F1-2CAC-7B56-E972EE9BA815}.Release|Any CPU.Build.0 = Release|Any CPU
	EndGlobalSection
	GlobalSection(SolutionProperties) = preSolution
		HideSolutionNode = FALSE
	EndGlobalSection
EndGlobal
